
Microsoft Visual Studio Solution File, Format Version 12.00
# Visual Studio Version 16
VisualStudioVersion = 16.0.29613.14
MinimumVisualStudioVersion = 10.0.40219.1
Project("{FAE04EC0-301F-11D3-BF4B-00C04F79EFBC}") = "LibraryICT", "LibraryICT\LibraryICT.csproj", "{12823BB4-AE38-4E22-82B7-1CCC1C0B808D}"
EndProject
Global
	GlobalSection(SolutionConfigurationPlatforms) = preSolution
		Debug|Any CPU = Debug|Any CPU
		Release|Any CPU = Release|Any CPU
	EndGlobalSection
	GlobalSection(ProjectConfigurationPlatforms) = postSolution
		{12823BB4-AE38-4E22-82B7-1CCC1C0B808D}.Debug|Any CPU.ActiveCfg = Debug|Any CPU
		{12823BB4-AE38-4E22-82B7-1CCC1C0B808D}.Debug|Any CPU.Build.0 = Debug|Any CPU
		{12823BB4-AE38-4E22-82B7-1CCC1C0B808D}.Release|Any CPU.ActiveCfg = Release|Any CPU
		{12823BB4-AE38-4E22-82B7-1CCC1C0B808D}.Release|Any CPU.Build.0 = Release|Any CPU
	EndGlobalSection
	GlobalSection(SolutionProperties) = preSolution
		HideSolutionNode = FALSE
	EndGlobalSection
	GlobalSection(ExtensibilityGlobals) = postSolution
		SolutionGuid = {4203B623-F0A3-474E-9022-17A95702BB41}
	EndGlobalSection
EndGlobal
